
Microsoft Visual Studio Solution File, Format Version 12.00
# Visual Studio Version 17
VisualStudioVersion = 17.5.002.0
MinimumVisualStudioVersion = 10.0.40219.1
Project("{FAE04EC0-301F-11D3-BF4B-00C04F79EFBC}") = "Api", "Api\Api.csproj", "{2D616E99-90F7-4F76-8D78-3EAE9C65E26F}"
EndProject
Project("{FAE04EC0-301F-11D3-BF4B-00C04F79EFBC}") = "Data", "Data\Data.csproj", "{6D4B6A30-0956-4C05-A125-46278B5E4166}"
EndProject
Project("{FAE04EC0-301F-11D3-BF4B-00C04F79EFBC}") = "Test", "..\Test\Test.csproj", "{366B4B71-BB6E-4CC1-86ED-24918989C75C}"
EndProject
Project("{FAE04EC0-301F-11D3-BF4B-00C04F79EFBC}") = "DbUp", "..\Dbup\DbUp.csproj", "{A5547DB0-AFAC-4A5C-BE0A-613215B2F73A}"
EndProject
Global
	GlobalSection(SolutionConfigurationPlatforms) = preSolution
		Debug|Any CPU = Debug|Any CPU
		Release|Any CPU = Release|Any CPU
	EndGlobalSection
	GlobalSection(ProjectConfigurationPlatforms) = postSolution
		{2D616E99-90F7-4F76-8D78-3EAE9C65E26F}.Debug|Any CPU.ActiveCfg = Debug|Any CPU
		{2D616E99-90F7-4F76-8D78-3EAE9C65E26F}.Debug|Any CPU.Build.0 = Debug|Any CPU
		{2D616E99-90F7-4F76-8D78-3EAE9C65E26F}.Release|Any CPU.ActiveCfg = Release|Any CPU
		{2D616E99-90F7-4F76-8D78-3EAE9C65E26F}.Release|Any CPU.Build.0 = Release|Any CPU
		{6D4B6A30-0956-4C05-A125-46278B5E4166}.Debug|Any CPU.ActiveCfg = Debug|Any CPU
		{6D4B6A30-0956-4C05-A125-46278B5E4166}.Debug|Any CPU.Build.0 = Debug|Any CPU
		{6D4B6A30-0956-4C05-A125-46278B5E4166}.Release|Any CPU.ActiveCfg = Release|Any CPU
		{6D4B6A30-0956-4C05-A125-46278B5E4166}.Release|Any CPU.Build.0 = Release|Any CPU
		{366B4B71-BB6E-4CC1-86ED-24918989C75C}.Debug|Any CPU.ActiveCfg = Debug|Any CPU
		{366B4B71-BB6E-4CC1-86ED-24918989C75C}.Debug|Any CPU.Build.0 = Debug|Any CPU
		{A5547DB0-AFAC-4A5C-BE0A-613215B2F73A}.Debug|Any CPU.ActiveCfg = Debug|Any CPU
		{A5547DB0-AFAC-4A5C-BE0A-613215B2F73A}.Debug|Any CPU.Build.0 = Debug|Any CPU
	EndGlobalSection
	GlobalSection(SolutionProperties) = preSolution
		HideSolutionNode = FALSE
	EndGlobalSection
	GlobalSection(ExtensibilityGlobals) = postSolution
		SolutionGuid = {CE3B4667-9B86-42F5-AD83-758F75380CF8}
	EndGlobalSection
EndGlobal
